
Microsoft Visual Studio Solution File, Format Version 12.00
# Visual Studio 15
VisualStudioVersion = 15.0.28307.572
MinimumVisualStudioVersion = 10.0.40219.1
Project("{FAE04EC0-301F-11D3-BF4B-00C04F79EFBC}") = "Bedroom.Minesweeper", "Bedroom.Minesweeper\Bedroom.Minesweeper.csproj", "{2E06FD9B-1CF3-43C7-B6DD-20DF48D6EA2E}"
EndProject
Global
	GlobalSection(SolutionConfigurationPlatforms) = preSolution
		Debug|Any CPU = Debug|Any CPU
		Debug|x86 = Debug|x86
		Release|Any CPU = Release|Any CPU
		Release|x86 = Release|x86
	EndGlobalSection
	GlobalSection(ProjectConfigurationPlatforms) = postSolution
		{2E06FD9B-1CF3-43C7-B6DD-20DF48D6EA2E}.Debug|Any CPU.ActiveCfg = Debug|x86
		{2E06FD9B-1CF3-43C7-B6DD-20DF48D6EA2E}.Debug|x86.ActiveCfg = Debug|x86
		{2E06FD9B-1CF3-43C7-B6DD-20DF48D6EA2E}.Debug|x86.Build.0 = Debug|x86
		{2E06FD9B-1CF3-43C7-B6DD-20DF48D6EA2E}.Release|Any CPU.ActiveCfg = Release|x86
		{2E06FD9B-1CF3-43C7-B6DD-20DF48D6EA2E}.Release|x86.ActiveCfg = Release|x86
		{2E06FD9B-1CF3-43C7-B6DD-20DF48D6EA2E}.Release|x86.Build.0 = Release|x86
	EndGlobalSection
	GlobalSection(SolutionProperties) = preSolution
		HideSolutionNode = FALSE
	EndGlobalSection
	GlobalSection(ExtensibilityGlobals) = postSolution
		SolutionGuid = {6DA76E2A-40E6-43CB-A3B7-7A25DEC27B84}
	EndGlobalSection
EndGlobal
